// !$*UTF8*$!
{
	archiveVersion = 1;
	classes = {
	};
	objectVersion = 55;
	objects = {

/* Begin PBXBuildFile section */
		C274285A28960AA5000BE496 /* AppDelegate.swift in Sources */ = {isa = PBXBuildFile; fileRef = C274285928960AA5000BE496 /* AppDelegate.swift */; };
		C274285C28960AA5000BE496 /* SceneDelegate.swift in Sources */ = {isa = PBXBuildFile; fileRef = C274285B28960AA5000BE496 /* SceneDelegate.swift */; };
		C274286128960AA5000BE496 /* Main.storyboard in Resources */ = {isa = PBXBuildFile; fileRef = C274285F28960AA5000BE496 /* Main.storyboard */; };
		C274286428960AA5000BE496 /* atividade3.xcdatamodeld in Sources */ = {isa = PBXBuildFile; fileRef = C274286228960AA5000BE496 /* atividade3.xcdatamodeld */; };
		C274286628960AA7000BE496 /* Assets.xcassets in Resources */ = {isa = PBXBuildFile; fileRef = C274286528960AA7000BE496 /* Assets.xcassets */; };
		C274286928960AA7000BE496 /* LaunchScreen.storyboard in Resources */ = {isa = PBXBuildFile; fileRef = C274286728960AA7000BE496 /* LaunchScreen.storyboard */; };
		C274287128960C06000BE496 /* ReclamationTableVIewController.swift in Sources */ = {isa = PBXBuildFile; fileRef = C274287028960C06000BE496 /* ReclamationTableVIewController.swift */; };
		C27428732896103D000BE496 /* UIViewController+Context.swift in Sources */ = {isa = PBXBuildFile; fileRef = C27428722896103D000BE496 /* UIViewController+Context.swift */; };
		C274289928961288000BE496 /* ReclamationTableViewCell.swift in Sources */ = {isa = PBXBuildFile; fileRef = C274289828961288000BE496 /* ReclamationTableViewCell.swift */; };
		C274289B289612DA000BE496 /* ReclamationViewController.swift in Sources */ = {isa = PBXBuildFile; fileRef = C274289A289612DA000BE496 /* ReclamationViewController.swift */; };
		C274289D2896178D000BE496 /* ReclamationFormViewController.swift in Sources */ = {isa = PBXBuildFile; fileRef = C274289C2896178D000BE496 /* ReclamationFormViewController.swift */; };
/* End PBXBuildFile section */

/* Begin PBXFileReference section */
		C274285628960AA5000BE496 /* atividade3.app */ = {isa = PBXFileReference; explicitFileType = wrapper.application; includeInIndex = 0; path = atividade3.app; sourceTree = BUILT_PRODUCTS_DIR; };
		C274285928960AA5000BE496 /* AppDelegate.swift */ = {isa = PBXFileReference; lastKnownFileType = sourcecode.swift; path = AppDelegate.swift; sourceTree = "<group>"; };
		C274285B28960AA5000BE496 /* SceneDelegate.swift */ = {isa = PBXFileReference; lastKnownFileType = sourcecode.swift; path = SceneDelegate.swift; sourceTree = "<group>"; };
		C274286028960AA5000BE496 /* Base */ = {isa = PBXFileReference; lastKnownFileType = file.storyboard; name = Base; path = Base.lproj/Main.storyboard; sourceTree = "<group>"; };
		C274286328960AA5000BE496 /* atividade3.xcdatamodel */ = {isa = PBXFileReference; lastKnownFileType = wrapper.xcdatamodel; path = atividade3.xcdatamodel; sourceTree = "<group>"; };
		C274286528960AA7000BE496 /* Assets.xcassets */ = {isa = PBXFileReference; lastKnownFileType = folder.assetcatalog; path = Assets.xcassets; sourceTree = "<group>"; };
		C274286828960AA7000BE496 /* Base */ = {isa = PBXFileReference; lastKnownFileType = file.storyboard; name = Base; path = Base.lproj/LaunchScreen.storyboard; sourceTree = "<group>"; };
		C274286A28960AA7000BE496 /* Info.plist */ = {isa = PBXFileReference; lastKnownFileType = text.plist.xml; path = Info.plist; sourceTree = "<group>"; };
		C274287028960C06000BE496 /* ReclamationTableVIewController.swift */ = {isa = PBXFileReference; lastKnownFileType = sourcecode.swift; path = ReclamationTableVIewController.swift; sourceTree = "<group>"; };
		C27428722896103D000BE496 /* UIViewController+Context.swift */ = {isa = PBXFileReference; lastKnownFileType = sourcecode.swift; path = "UIViewController+Context.swift"; sourceTree = "<group>"; };
		C274289828961288000BE496 /* ReclamationTableViewCell.swift */ = {isa = PBXFileReference; lastKnownFileType = sourcecode.swift; path = ReclamationTableViewCell.swift; sourceTree = "<group>"; };
		C274289A289612DA000BE496 /* ReclamationViewController.swift */ = {isa = PBXFileReference; lastKnownFileType = sourcecode.swift; path = ReclamationViewController.swift; sourceTree = "<group>"; };
		C274289C2896178D000BE496 /* ReclamationFormViewController.swift */ = {isa = PBXFileReference; lastKnownFileType = sourcecode.swift; path = ReclamationFormViewController.swift; sourceTree = "<group>"; };
/* End PBXFileReference section */

/* Begin PBXFrameworksBuildPhase section */
		C274285328960AA5000BE496 /* Frameworks */ = {
			isa = PBXFrameworksBuildPhase;
			buildActionMask = 2147483647;
			files = (
			);
			runOnlyForDeploymentPostprocessing = 0;
		};
/* End PBXFrameworksBuildPhase section */

/* Begin PBXGroup section */
		C274284D28960AA4000BE496 = {
			isa = PBXGroup;
			children = (
				C274285828960AA5000BE496 /* atividade3 */,
				C274285728960AA5000BE496 /* Products */,
			);
			sourceTree = "<group>";
		};
		C274285728960AA5000BE496 /* Products */ = {
			isa = PBXGroup;
			children = (
				C274285628960AA5000BE496 /* atividade3.app */,
			);
			name = Products;
			sourceTree = "<group>";
		};
		C274285828960AA5000BE496 /* atividade3 */ = {
			isa = PBXGroup;
			children = (
				C274285928960AA5000BE496 /* AppDelegate.swift */,
				C274285B28960AA5000BE496 /* SceneDelegate.swift */,
				C274285F28960AA5000BE496 /* Main.storyboard */,
				C274286528960AA7000BE496 /* Assets.xcassets */,
				C274286728960AA7000BE496 /* LaunchScreen.storyboard */,
				C274286A28960AA7000BE496 /* Info.plist */,
				C274286228960AA5000BE496 /* atividade3.xcdatamodeld */,
				C274287028960C06000BE496 /* ReclamationTableVIewController.swift */,
				C27428722896103D000BE496 /* UIViewController+Context.swift */,
				C274289828961288000BE496 /* ReclamationTableViewCell.swift */,
				C274289A289612DA000BE496 /* ReclamationViewController.swift */,
				C274289C2896178D000BE496 /* ReclamationFormViewController.swift */,
			);
			path = atividade3;
			sourceTree = "<group>";
		};
/* End PBXGroup section */

/* Begin PBXNativeTarget section */
		C274285528960AA5000BE496 /* atividade3 */ = {
			isa = PBXNativeTarget;
			buildConfigurationList = C274286D28960AA7000BE496 /* Build configuration list for PBXNativeTarget "atividade3" */;
			buildPhases = (
				C274285228960AA5000BE496 /* Sources */,
				C274285328960AA5000BE496 /* Frameworks */,
				C274285428960AA5000BE496 /* Resources */,
			);
			buildRules = (
			);
			dependencies = (
			);
			name = atividade3;
			productName = atividade3;
			productReference = C274285628960AA5000BE496 /* atividade3.app */;
			productType = "com.apple.product-type.application";
		};
/* End PBXNativeTarget section */

/* Begin PBXProject section */
		C274284E28960AA4000BE496 /* Project object */ = {
			isa = PBXProject;
			attributes = {
				BuildIndependentTargetsInParallel = 1;
				LastSwiftUpdateCheck = 1340;
				LastUpgradeCheck = 1340;
				TargetAttributes = {
					C274285528960AA5000BE496 = {
						CreatedOnToolsVersion = 13.4.1;
					};
				};
			};
			buildConfigurationList = C274285128960AA4000BE496 /* Build configuration list for PBXProject "atividade3" */;
			compatibilityVersion = "Xcode 13.0";
			developmentRegion = en;
			hasScannedForEncodings = 0;
			knownRegions = (
				en,
				Base,
			);
			mainGroup = C274284D28960AA4000BE496;
			productRefGroup = C274285728960AA5000BE496 /* Products */;
			projectDirPath = "";
			projectRoot = "";
			targets = (
				C274285528960AA5000BE496 /* atividade3 */,
			);
		};
/* End PBXProject section */

/* Begin PBXResourcesBuildPhase section */
		C274285428960AA5000BE496 /* Resources */ = {
			isa = PBXResourcesBuildPhase;
			buildActionMask = 2147483647;
			files = (
				C274286928960AA7000BE496 /* LaunchScreen.storyboard in Resources */,
				C274286628960AA7000BE496 /* Assets.xcassets in Resources */,
				C274286128960AA5000BE496 /* Main.storyboard in Resources */,
			);
			runOnlyForDeploymentPostprocessing = 0;
		};
/* End PBXResourcesBuildPhase section */

/* Begin PBXSourcesBuildPhase section */
		C274285228960AA5000BE496 /* Sources */ = {
			isa = PBXSourcesBuildPhase;
			buildActionMask = 2147483647;
			files = (
				C274289D2896178D000BE496 /* ReclamationFormViewController.swift in Sources */,
				C274289B289612DA000BE496 /* ReclamationViewController.swift in Sources */,
				C274286428960AA5000BE496 /* atividade3.xcdatamodeld in Sources */,
				C27428732896103D000BE496 /* UIViewController+Context.swift in Sources */,
				C274287128960C06000BE496 /* ReclamationTableVIewController.swift in Sources */,
				C274285A28960AA5000BE496 /* AppDelegate.swift in Sources */,
				C274285C28960AA5000BE496 /* SceneDelegate.swift in Sources */,
				C274289928961288000BE496 /* ReclamationTableViewCell.swift in Sources */,
			);
			runOnlyForDeploymentPostprocessing = 0;
		};
/* End PBXSourcesBuildPhase section */

/* Begin PBXVariantGroup section */
		C274285F28960AA5000BE496 /* Main.storyboard */ = {
			isa = PBXVariantGroup;
			children = (
				C274286028960AA5000BE496 /* Base */,
			);
			name = Main.storyboard;
			sourceTree = "<group>";
		};
		C274286728960AA7000BE496 /* LaunchScreen.storyboard */ = {
			isa = PBXVariantGroup;
			children = (
				C274286828960AA7000BE496 /* Base */,
			);
			name = LaunchScreen.storyboard;
			sourceTree = "<group>";
		};
/* End PBXVariantGroup section */

/* Begin XCBuildConfiguration section */
		C274286B28960AA7000BE496 /* Debug */ = {
			isa = XCBuildConfiguration;
			buildSettings = {
				ALWAYS_SEARCH_USER_PATHS = NO;
				CLANG_ANALYZER_NONNULL = YES;
				CLANG_ANALYZER_NUMBER_OBJECT_CONVERSION = YES_AGGRESSIVE;
				CLANG_CXX_LANGUAGE_STANDARD = "gnu++17";
				CLANG_ENABLE_MODULES = YES;
				CLANG_ENABLE_OBJC_ARC = YES;
				CLANG_ENABLE_OBJC_WEAK = YES;
				CLANG_WARN_BLOCK_CAPTURE_AUTORELEASING = YES;
				CLANG_WARN_BOOL_CONVERSION = YES;
				CLANG_WARN_COMMA = YES;
				CLANG_WARN_CONSTANT_CONVERSION = YES;
				CLANG_WARN_DEPRECATED_OBJC_IMPLEMENTATIONS = YES;
				CLANG_WARN_DIRECT_OBJC_ISA_USAGE = YES_ERROR;
				CLANG_WARN_DOCUMENTATION_COMMENTS = YES;
				CLANG_WARN_EMPTY_BODY = YES;
				CLANG_WARN_ENUM_CONVERSION = YES;
				CLANG_WARN_INFINITE_RECURSION = YES;
				CLANG_WARN_INT_CONVERSION = YES;
				CLANG_WARN_NON_LITERAL_NULL_CONVERSION = YES;
				CLANG_WARN_OBJC_IMPLICIT_RETAIN_SELF = YES;
				CLANG_WARN_OBJC_LITERAL_CONVERSION = YES;
				CLANG_WARN_OBJC_ROOT_CLASS = YES_ERROR;
				CLANG_WARN_QUOTED_INCLUDE_IN_FRAMEWORK_HEADER = YES;
				CLANG_WARN_RANGE_LOOP_ANALYSIS = YES;
				CLANG_WARN_STRICT_PROTOTYPES = YES;
				CLANG_WARN_SUSPICIOUS_MOVE = YES;
				CLANG_WARN_UNGUARDED_AVAILABILITY = YES_AGGRESSIVE;
				CLANG_WARN_UNREACHABLE_CODE = YES;
				CLANG_WARN__DUPLICATE_METHOD_MATCH = YES;
				COPY_PHASE_STRIP = NO;
				DEBUG_INFORMATION_FORMAT = dwarf;
				ENABLE_STRICT_OBJC_MSGSEND = YES;
				ENABLE_TESTABILITY = YES;
				GCC_C_LANGUAGE_STANDARD = gnu11;
				GCC_DYNAMIC_NO_PIC = NO;
				GCC_NO_COMMON_BLOCKS = YES;
				GCC_OPTIMIZATION_LEVEL = 0;
				GCC_PREPROCESSOR_DEFINITIONS = (
					"DEBUG=1",
					"$(inherited)",
				);
				GCC_WARN_64_TO_32_BIT_CONVERSION = YES;
				GCC_WARN_ABOUT_RETURN_TYPE = YES_ERROR;
				GCC_WARN_UNDECLARED_SELECTOR = YES;
				GCC_WARN_UNINITIALIZED_AUTOS = YES_AGGRESSIVE;
				GCC_WARN_UNUSED_FUNCTION = YES;
				GCC_WARN_UNUSED_VARIABLE = YES;
				IPHONEOS_DEPLOYMENT_TARGET = 15.5;
				MTL_ENABLE_DEBUG_INFO = INCLUDE_SOURCE;
				MTL_FAST_MATH = YES;
				ONLY_ACTIVE_ARCH = YES;
				SDKROOT = iphoneos;
				SWIFT_ACTIVE_COMPILATION_CONDITIONS = DEBUG;
				SWIFT_OPTIMIZATION_LEVEL = "-Onone";
			};
			name = Debug;
		};
		C274286C28960AA7000BE496 /* Release */ = {
			isa = XCBuildConfiguration;
			buildSettings = {
				ALWAYS_SEARCH_USER_PATHS = NO;
				CLANG_ANALYZER_NONNULL = YES;
				CLANG_ANALYZER_NUMBER_OBJECT_CONVERSION = YES_AGGRESSIVE;
				CLANG_CXX_LANGUAGE_STANDARD = "gnu++17";
				CLANG_ENABLE_MODULES = YES;
				CLANG_ENABLE_OBJC_ARC = YES;
				CLANG_ENABLE_OBJC_WEAK = YES;
				CLANG_WARN_BLOCK_CAPTURE_AUTORELEASING = YES;
				CLANG_WARN_BOOL_CONVERSION = YES;
				CLANG_WARN_COMMA = YES;
				CLANG_WARN_CONSTANT_CONVERSION = YES;
				CLANG_WARN_DEPRECATED_OBJC_IMPLEMENTATIONS = YES;
				CLANG_WARN_DIRECT_OBJC_ISA_USAGE = YES_ERROR;
				CLANG_WARN_DOCUMENTATION_COMMENTS = YES;
				CLANG_WARN_EMPTY_BODY = YES;
				CLANG_WARN_ENUM_CONVERSION = YES;
				CLANG_WARN_INFINITE_RECURSION = YES;
				CLANG_WARN_INT_CONVERSION = YES;
				CLANG_WARN_NON_LITERAL_NULL_CONVERSION = YES;
				CLANG_WARN_OBJC_IMPLICIT_RETAIN_SELF = YES;
				CLANG_WARN_OBJC_LITERAL_CONVERSION = YES;
				CLANG_WARN_OBJC_ROOT_CLASS = YES_ERROR;
				CLANG_WARN_QUOTED_INCLUDE_IN_FRAMEWORK_HEADER = YES;
				CLANG_WARN_RANGE_LOOP_ANALYSIS = YES;
				CLANG_WARN_STRICT_PROTOTYPES = YES;
				CLANG_WARN_SUSPICIOUS_MOVE = YES;
				CLANG_WARN_UNGUARDED_AVAILABILITY = YES_AGGRESSIVE;
				CLANG_WARN_UNREACHABLE_CODE = YES;
				CLANG_WARN__DUPLICATE_METHOD_MATCH = YES;
				COPY_PHASE_STRIP = NO;
				DEBUG_INFORMATION_FORMAT = "dwarf-with-dsym";
				ENABLE_NS_ASSERTIONS = NO;
				ENABLE_STRICT_OBJC_MSGSEND = YES;
				GCC_C_LANGUAGE_STANDARD = gnu11;
				GCC_NO_COMMON_BLOCKS = YES;
				GCC_WARN_64_TO_32_BIT_CONVERSION = YES;
				GCC_WARN_ABOUT_RETURN_TYPE = YES_ERROR;
				GCC_WARN_UNDECLARED_SELECTOR = YES;
				GCC_WARN_UNINITIALIZED_AUTOS = YES_AGGRESSIVE;
				GCC_WARN_UNUSED_FUNCTION = YES;
				GCC_WARN_UNUSED_VARIABLE = YES;
				IPHONEOS_DEPLOYMENT_TARGET = 15.5;
				MTL_ENABLE_DEBUG_INFO = NO;
				MTL_FAST_MATH = YES;
				SDKROOT = iphoneos;
				SWIFT_COMPILATION_MODE = wholemodule;
				SWIFT_OPTIMIZATION_LEVEL = "-O";
				VALIDATE_PRODUCT = YES;
			};
			name = Release;
		};
		C274286E28960AA7000BE496 /* Debug */ = {
			isa = XCBuildConfiguration;
			buildSettings = {
				ASSETCATALOG_COMPILER_APPICON_NAME = AppIcon;
				ASSETCATALOG_COMPILER_GLOBAL_ACCENT_COLOR_NAME = AccentColor;
				CODE_SIGN_STYLE = Automatic;
				CURRENT_PROJECT_VERSION = 1;
				GENERATE_INFOPLIST_FILE = YES;
				INFOPLIST_FILE = atividade3/Info.plist;
				INFOPLIST_KEY_UIApplicationSupportsIndirectInputEvents = YES;
				INFOPLIST_KEY_UILaunchStoryboardName = LaunchScreen;
				INFOPLIST_KEY_UIMainStoryboardFile = Main;
				INFOPLIST_KEY_UISupportedInterfaceOrientations_iPad = "UIInterfaceOrientationPortrait UIInterfaceOrientationPortraitUpsideDown UIInterfaceOrientationLandscapeLeft UIInterfaceOrientationLandscapeRight";
				INFOPLIST_KEY_UISupportedInterfaceOrientations_iPhone = "UIInterfaceOrientationPortrait UIInterfaceOrientationLandscapeLeft UIInterfaceOrientationLandscapeRight";
				LD_RUNPATH_SEARCH_PATHS = (
					"$(inherited)",
					"@executable_path/Frameworks",
				);
				MARKETING_VERSION = 1.0;
				PRODUCT_BUNDLE_IDENTIFIER = br.edu.unyleya.atividade3;
				PRODUCT_NAME = "$(TARGET_NAME)";
				SWIFT_EMIT_LOC_STRINGS = YES;
				SWIFT_VERSION = 5.0;
				TARGETED_DEVICE_FAMILY = "1,2";
			};
			name = Debug;
		};
		C274286F28960AA7000BE496 /* Release */ = {
			isa = XCBuildConfiguration;
			buildSettings = {
				ASSETCATALOG_COMPILER_APPICON_NAME = AppIcon;
				ASSETCATALOG_COMPILER_GLOBAL_ACCENT_COLOR_NAME = AccentColor;
				CODE_SIGN_STYLE = Automatic;
				CURRENT_PROJECT_VERSION = 1;
				GENERATE_INFOPLIST_FILE = YES;
				INFOPLIST_FILE = atividade3/Info.plist;
				INFOPLIST_KEY_UIApplicationSupportsIndirectInputEvents = YES;
				INFOPLIST_KEY_UILaunchStoryboardName = LaunchScreen;
				INFOPLIST_KEY_UIMainStoryboardFile = Main;
				INFOPLIST_KEY_UISupportedInterfaceOrientations_iPad = "UIInterfaceOrientationPortrait UIInterfaceOrientationPortraitUpsideDown UIInterfaceOrientationLandscapeLeft UIInterfaceOrientationLandscapeRight";
				INFOPLIST_KEY_UISupportedInterfaceOrientations_iPhone = "UIInterfaceOrientationPortrait UIInterfaceOrientationLandscapeLeft UIInterfaceOrientationLandscapeRight";
				LD_RUNPATH_SEARCH_PATHS = (
					"$(inherited)",
					"@executable_path/Frameworks",
				);
				MARKETING_VERSION = 1.0;
				PRODUCT_BUNDLE_IDENTIFIER = br.edu.unyleya.atividade3;
				PRODUCT_NAME = "$(TARGET_NAME)";
				SWIFT_EMIT_LOC_STRINGS = YES;
				SWIFT_VERSION = 5.0;
				TARGETED_DEVICE_FAMILY = "1,2";
			};
			name = Release;
		};
/* End XCBuildConfiguration section */

/* Begin XCConfigurationList section */
		C274285128960AA4000BE496 /* Build configuration list for PBXProject "atividade3" */ = {
			isa = XCConfigurationList;
			buildConfigurations = (
				C274286B28960AA7000BE496 /* Debug */,
				C274286C28960AA7000BE496 /* Release */,
			);
			defaultConfigurationIsVisible = 0;
			defaultConfigurationName = Release;
		};
		C274286D28960AA7000BE496 /* Build configuration list for PBXNativeTarget "atividade3" */ = {
			isa = XCConfigurationList;
			buildConfigurations = (
				C274286E28960AA7000BE496 /* Debug */,
				C274286F28960AA7000BE496 /* Release */,
			);
			defaultConfigurationIsVisible = 0;
			defaultConfigurationName = Release;
		};
/* End XCConfigurationList section */

/* Begin XCVersionGroup section */
		C274286228960AA5000BE496 /* atividade3.xcdatamodeld */ = {
			isa = XCVersionGroup;
			children = (
				C274286328960AA5000BE496 /* atividade3.xcdatamodel */,
			);
			currentVersion = C274286328960AA5000BE496 /* atividade3.xcdatamodel */;
			path = atividade3.xcdatamodeld;
			sourceTree = "<group>";
			versionGroupType = wrapper.xcdatamodel;
		};
/* End XCVersionGroup section */
	};
	rootObject = C274284E28960AA4000BE496 /* Project object */;
}
